
Microsoft Visual Studio Solution File, Format Version 12.00
# Visual Studio 14
VisualStudioVersion = 14.0.25420.1
MinimumVisualStudioVersion = 10.0.40219.1
Project("{FAE04EC0-301F-11D3-BF4B-00C04F79EFBC}") = "FreeSpace.Collector.CLI", "FreeSpace.Collector.CLI\FreeSpace.Collector.CLI.csproj", "{F74C1CC1-31A0-41E1-B541-9F1467B8B725}"
EndProject
Project("{FAE04EC0-301F-11D3-BF4B-00C04F79EFBC}") = "FreeSpace.Lib", "FreeSpace.Lib\FreeSpace.Lib.csproj", "{2E36EAFB-9946-41C6-8E5F-6E5AB12DD047}"
EndProject
Project("{FAE04EC0-301F-11D3-BF4B-00C04F79EFBC}") = "FreeSpace.Data", "FreeSpace.Data\FreeSpace.Data.csproj", "{ED5B0DD5-8D0A-411C-BF1A-317F8B6091F8}"
EndProject
Global
	GlobalSection(SolutionConfigurationPlatforms) = preSolution
		Debug|Any CPU = Debug|Any CPU
		Release|Any CPU = Release|Any CPU
	EndGlobalSection
	GlobalSection(ProjectConfigurationPlatforms) = postSolution
		{F74C1CC1-31A0-41E1-B541-9F1467B8B725}.Debug|Any CPU.ActiveCfg = Debug|Any CPU
		{F74C1CC1-31A0-41E1-B541-9F1467B8B725}.Debug|Any CPU.Build.0 = Debug|Any CPU
		{F74C1CC1-31A0-41E1-B541-9F1467B8B725}.Release|Any CPU.ActiveCfg = Release|Any CPU
		{F74C1CC1-31A0-41E1-B541-9F1467B8B725}.Release|Any CPU.Build.0 = Release|Any CPU
		{2E36EAFB-9946-41C6-8E5F-6E5AB12DD047}.Debug|Any CPU.ActiveCfg = Debug|Any CPU
		{2E36EAFB-9946-41C6-8E5F-6E5AB12DD047}.Debug|Any CPU.Build.0 = Debug|Any CPU
		{2E36EAFB-9946-41C6-8E5F-6E5AB12DD047}.Release|Any CPU.ActiveCfg = Release|Any CPU
		{2E36EAFB-9946-41C6-8E5F-6E5AB12DD047}.Release|Any CPU.Build.0 = Release|Any CPU
		{ED5B0DD5-8D0A-411C-BF1A-317F8B6091F8}.Debug|Any CPU.ActiveCfg = Debug|Any CPU
		{ED5B0DD5-8D0A-411C-BF1A-317F8B6091F8}.Debug|Any CPU.Build.0 = Debug|Any CPU
		{ED5B0DD5-8D0A-411C-BF1A-317F8B6091F8}.Release|Any CPU.ActiveCfg = Release|Any CPU
		{ED5B0DD5-8D0A-411C-BF1A-317F8B6091F8}.Release|Any CPU.Build.0 = Release|Any CPU
	EndGlobalSection
	GlobalSection(SolutionProperties) = preSolution
		HideSolutionNode = FALSE
	EndGlobalSection
EndGlobal
